
Microsoft Visual Studio Solution File, Format Version 12.00
# Visual Studio 15
VisualStudioVersion = 15.0.28010.2019
MinimumVisualStudioVersion = 10.0.40219.1
Project("{FAE04EC0-301F-11D3-BF4B-00C04F79EFBC}") = "Ejercicio 11", "Ejercicio 11\Ejercicio 11.csproj", "{EB159700-7BA3-41E4-96C0-678A371EE4D9}"
EndProject
Global
	GlobalSection(SolutionConfigurationPlatforms) = preSolution
		Debug|Any CPU = Debug|Any CPU
		Release|Any CPU = Release|Any CPU
	EndGlobalSection
	GlobalSection(ProjectConfigurationPlatforms) = postSolution
		{EB159700-7BA3-41E4-96C0-678A371EE4D9}.Debug|Any CPU.ActiveCfg = Debug|Any CPU
		{EB159700-7BA3-41E4-96C0-678A371EE4D9}.Debug|Any CPU.Build.0 = Debug|Any CPU
		{EB159700-7BA3-41E4-96C0-678A371EE4D9}.Release|Any CPU.ActiveCfg = Release|Any CPU
		{EB159700-7BA3-41E4-96C0-678A371EE4D9}.Release|Any CPU.Build.0 = Release|Any CPU
	EndGlobalSection
	GlobalSection(SolutionProperties) = preSolution
		HideSolutionNode = FALSE
	EndGlobalSection
	GlobalSection(ExtensibilityGlobals) = postSolution
		SolutionGuid = {1B1D7F23-33AD-431C-898D-E5339AB8ECA0}
	EndGlobalSection
EndGlobal
