
Microsoft Visual Studio Solution File, Format Version 12.00
# Visual Studio 15
VisualStudioVersion = 15.0.28010.2019
MinimumVisualStudioVersion = 10.0.40219.1
Project("{FAE04EC0-301F-11D3-BF4B-00C04F79EFBC}") = "L-081018-Métodos", "L-081018-Métodos\L-081018-Métodos.csproj", "{E4FA7A55-A994-41FF-B95E-B1BFC62E048E}"
EndProject
Global
	GlobalSection(SolutionConfigurationPlatforms) = preSolution
		Debug|Any CPU = Debug|Any CPU
		Release|Any CPU = Release|Any CPU
	EndGlobalSection
	GlobalSection(ProjectConfigurationPlatforms) = postSolution
		{E4FA7A55-A994-41FF-B95E-B1BFC62E048E}.Debug|Any CPU.ActiveCfg = Debug|Any CPU
		{E4FA7A55-A994-41FF-B95E-B1BFC62E048E}.Debug|Any CPU.Build.0 = Debug|Any CPU
		{E4FA7A55-A994-41FF-B95E-B1BFC62E048E}.Release|Any CPU.ActiveCfg = Release|Any CPU
		{E4FA7A55-A994-41FF-B95E-B1BFC62E048E}.Release|Any CPU.Build.0 = Release|Any CPU
	EndGlobalSection
	GlobalSection(SolutionProperties) = preSolution
		HideSolutionNode = FALSE
	EndGlobalSection
	GlobalSection(ExtensibilityGlobals) = postSolution
		SolutionGuid = {B0FE3C23-9D6F-4749-8789-3EB9199A56B4}
	EndGlobalSection
EndGlobal
